
Microsoft Visual Studio Solution File, Format Version 12.00
# Visual Studio Version 17
VisualStudioVersion = 17.5.33414.496
MinimumVisualStudioVersion = 10.0.40219.1
Project("{FAE04EC0-301F-11D3-BF4B-00C04F79EFBC}") = "proyecto de CineGT", "proyecto de CineGT\proyecto de CineGT.csproj", "{919A5E57-FA4F-478C-85FA-E88FF303537F}"
EndProject
Global
	GlobalSection(SolutionConfigurationPlatforms) = preSolution
		Debug|Any CPU = Debug|Any CPU
		Release|Any CPU = Release|Any CPU
	EndGlobalSection
	GlobalSection(ProjectConfigurationPlatforms) = postSolution
		{919A5E57-FA4F-478C-85FA-E88FF303537F}.Debug|Any CPU.ActiveCfg = Debug|Any CPU
		{919A5E57-FA4F-478C-85FA-E88FF303537F}.Debug|Any CPU.Build.0 = Debug|Any CPU
		{919A5E57-FA4F-478C-85FA-E88FF303537F}.Release|Any CPU.ActiveCfg = Release|Any CPU
		{919A5E57-FA4F-478C-85FA-E88FF303537F}.Release|Any CPU.Build.0 = Release|Any CPU
	EndGlobalSection
	GlobalSection(SolutionProperties) = preSolution
		HideSolutionNode = FALSE
	EndGlobalSection
	GlobalSection(ExtensibilityGlobals) = postSolution
		SolutionGuid = {225C4C09-DAAC-476B-9BED-E26F2360EDFB}
	EndGlobalSection
EndGlobal
